github.com/MashiroC/begonia-rpc v0.0.0-20191011031204-9e677ba32253 h1:pmk9J7QZjzd1QCdZZtU8YZGIBUonvFi9XsnIvrL1s/4=
github.com/MashiroC/begonia-rpc v0.0.0-20191011031204-9e677ba32253/go.mod h1:8kFWG9cmrCFqhZRG4m9ZhaQD9onf5cNX8A9J/CkpGbI=
github.com/MashiroC/begonia-rpc v0.0.0-20191012011350-4d55d9b809f3 h1:vZoiNg93BRjwV+jIBmCF/G9o/rLes+pSImOf9ngf+ig=
github.com/MashiroC/begonia-rpc v0.0.0-20191012011350-4d55d9b809f3/go.mod h1:8kFWG9cmrCFqhZRG4m9ZhaQD9onf5cNX8A9J/CkpGbI=
github.com/MashiroC/begonia-rpc v0.0.0-20191012112302-4db7a73c1a94 h1:16ow77henbfhdf8s2uzceKgaoyQIxSGq5qZnSDMxqB0=
github.com/MashiroC/begonia-rpc v0.0.0-20191012112302-4db7a73c1a94/go.mod h1:8kFWG9cmrCFqhZRG4m9ZhaQD9onf5cNX8A9J/CkpGbI=
github.com/MashiroC/begonia-rpc v0.0.0-20191012112935-aee3b6463030 h1:TVJidqouR0iG03dgJ1oWtzEnWvzycFlmyfT1oe4Hn24=
github.com/MashiroC/begonia-rpc v0.0.0-20191012112935-aee3b6463030/go.mod h1:8kFWG9cmrCFqhZRG4m9ZhaQD9onf5cNX8A9J/CkpGbI=
github.com/satori/go.uuid v1.2.0 h1:0uYX9dsZ2yD7q2RtLRtPSdGDWzjeM3TbMJP9utgA0ww=
github.com/satori/go.uuid v1.2.0/go.mod h1:dA0hQrYB0VpLJoorglMZABFdXlWrHn1NEOzdhQKdks0=
gopkg.in/bsm/ratelimit.v1 v1.0.0-20160220154919-db14e161995a/go.mod h1:KF9sEfUPAXdG8Oev9e99iLGnl2uJMjc5B+4y3O7x610=
gopkg.in/redis.v4 v4.2.4/go.mod h1:8KREHdypkCEojGKQcjMqAODMICIVwZAONWq8RowTITA=
